
Microsoft Visual Studio Solution File, Format Version 12.00
# Visual Studio 15
VisualStudioVersion = 15.0.27130.2020
MinimumVisualStudioVersion = 10.0.40219.1
Project("{FAE04EC0-301F-11D3-BF4B-00C04F79EFBC}") = "ChessPL", "ChessPL\ChessPL.csproj", "{F1F629CA-1B7A-44DD-AC66-8BAB168F1E7D}"
EndProject
Project("{FAE04EC0-301F-11D3-BF4B-00C04F79EFBC}") = "ChessDAL", "ChessDAL\ChessDAL.csproj", "{442CD2DD-0376-4488-B70B-9A2093E5455E}"
EndProject
Project("{FAE04EC0-301F-11D3-BF4B-00C04F79EFBC}") = "ChessBLL", "ChessBLL\ChessBLL.csproj", "{5324F82E-5106-4DFD-B07D-762DA83C51E4}"
EndProject
Global
	GlobalSection(SolutionConfigurationPlatforms) = preSolution
		Debug|Any CPU = Debug|Any CPU
		Release|Any CPU = Release|Any CPU
	EndGlobalSection
	GlobalSection(ProjectConfigurationPlatforms) = postSolution
		{F1F629CA-1B7A-44DD-AC66-8BAB168F1E7D}.Debug|Any CPU.ActiveCfg = Debug|Any CPU
		{F1F629CA-1B7A-44DD-AC66-8BAB168F1E7D}.Debug|Any CPU.Build.0 = Debug|Any CPU
		{F1F629CA-1B7A-44DD-AC66-8BAB168F1E7D}.Release|Any CPU.ActiveCfg = Release|Any CPU
		{F1F629CA-1B7A-44DD-AC66-8BAB168F1E7D}.Release|Any CPU.Build.0 = Release|Any CPU
		{442CD2DD-0376-4488-B70B-9A2093E5455E}.Debug|Any CPU.ActiveCfg = Debug|Any CPU
		{442CD2DD-0376-4488-B70B-9A2093E5455E}.Debug|Any CPU.Build.0 = Debug|Any CPU
		{442CD2DD-0376-4488-B70B-9A2093E5455E}.Release|Any CPU.ActiveCfg = Release|Any CPU
		{442CD2DD-0376-4488-B70B-9A2093E5455E}.Release|Any CPU.Build.0 = Release|Any CPU
		{5324F82E-5106-4DFD-B07D-762DA83C51E4}.Debug|Any CPU.ActiveCfg = Debug|Any CPU
		{5324F82E-5106-4DFD-B07D-762DA83C51E4}.Debug|Any CPU.Build.0 = Debug|Any CPU
		{5324F82E-5106-4DFD-B07D-762DA83C51E4}.Release|Any CPU.ActiveCfg = Release|Any CPU
		{5324F82E-5106-4DFD-B07D-762DA83C51E4}.Release|Any CPU.Build.0 = Release|Any CPU
	EndGlobalSection
	GlobalSection(SolutionProperties) = preSolution
		HideSolutionNode = FALSE
	EndGlobalSection
	GlobalSection(ExtensibilityGlobals) = postSolution
		SolutionGuid = {0E0F3498-0312-4BB9-B1DF-707B1F3D3DF7}
	EndGlobalSection
EndGlobal
